
Microsoft Visual Studio Solution File, Format Version 12.00
# Visual Studio Version 16
VisualStudioVersion = 16.0.28729.10
MinimumVisualStudioVersion = 10.0.40219.1
Project("{9A19103F-16F7-4668-BE54-9A1E7A4F7556}") = "ComputersWebAPI", "ComputersWebAPI\ComputersWebAPI.csproj", "{1A8CB24C-51E6-4439-8F2C-7D9F83113FEB}"
EndProject
Global
	GlobalSection(SolutionConfigurationPlatforms) = preSolution
		Debug|Any CPU = Debug|Any CPU
		Release|Any CPU = Release|Any CPU
	EndGlobalSection
	GlobalSection(ProjectConfigurationPlatforms) = postSolution
		{1A8CB24C-51E6-4439-8F2C-7D9F83113FEB}.Debug|Any CPU.ActiveCfg = Debug|Any CPU
		{1A8CB24C-51E6-4439-8F2C-7D9F83113FEB}.Debug|Any CPU.Build.0 = Debug|Any CPU
		{1A8CB24C-51E6-4439-8F2C-7D9F83113FEB}.Release|Any CPU.ActiveCfg = Release|Any CPU
		{1A8CB24C-51E6-4439-8F2C-7D9F83113FEB}.Release|Any CPU.Build.0 = Release|Any CPU
	EndGlobalSection
	GlobalSection(SolutionProperties) = preSolution
		HideSolutionNode = FALSE
	EndGlobalSection
	GlobalSection(ExtensibilityGlobals) = postSolution
		SolutionGuid = {877480F8-D857-4DEE-9B6B-0C6845056C19}
	EndGlobalSection
EndGlobal
